// !$*UTF8*$!
{
	archiveVersion = 1;
	classes = {
	};
	objectVersion = 46;
	objects = {

/* Begin PBXBuildFile section */
		78745DF01D2AD4A500B18C97 /* main.m in Sources */ = {isa = PBXBuildFile; fileRef = 78745DEF1D2AD4A500B18C97 /* main.m */; };
		78745DF31D2AD4A500B18C97 /* AppDelegate.m in Sources */ = {isa = PBXBuildFile; fileRef = 78745DF21D2AD4A500B18C97 /* AppDelegate.m */; };
		78745DF61D2AD4A500B18C97 /* ViewController.m in Sources */ = {isa = PBXBuildFile; fileRef = 78745DF51D2AD4A500B18C97 /* ViewController.m */; };
		78745DF91D2AD4A500B18C97 /* Main.storyboard in Resources */ = {isa = PBXBuildFile; fileRef = 78745DF71D2AD4A500B18C97 /* Main.storyboard */; };
		78745DFB1D2AD4A500B18C97 /* Assets.xcassets in Resources */ = {isa = PBXBuildFile; fileRef = 78745DFA1D2AD4A500B18C97 /* Assets.xcassets */; };
		78745DFE1D2AD4A500B18C97 /* LaunchScreen.storyboard in Resources */ = {isa = PBXBuildFile; fileRef = 78745DFC1D2AD4A500B18C97 /* LaunchScreen.storyboard */; };
		78745E091D2AD4A500B18C97 /* MatchismoTests.m in Sources */ = {isa = PBXBuildFile; fileRef = 78745E081D2AD4A500B18C97 /* MatchismoTests.m */; };
		78745E141D2AD4A500B18C97 /* MatchismoUITests.m in Sources */ = {isa = PBXBuildFile; fileRef = 78745E131D2AD4A500B18C97 /* MatchismoUITests.m */; };
/* End PBXBuildFile section */

/* Begin PBXContainerItemProxy section */
		78745E051D2AD4A500B18C97 /* PBXContainerItemProxy */ = {
			isa = PBXContainerItemProxy;
			containerPortal = 78745DE31D2AD4A500B18C97 /* Project object */;
			proxyType = 1;
			remoteGlobalIDString = 78745DEA1D2AD4A500B18C97;
			remoteInfo = Matchismo;
		};
		78745E101D2AD4A500B18C97 /* PBXContainerItemProxy */ = {
			isa = PBXContainerItemProxy;
			containerPortal = 78745DE31D2AD4A500B18C97 /* Project object */;
			proxyType = 1;
			remoteGlobalIDString = 78745DEA1D2AD4A500B18C97;
			remoteInfo = Matchismo;
		};
/* End PBXContainerItemProxy section */

/* Begin PBXFileReference section */
		78745DEB1D2AD4A500B18C97 /* Matchismo.app */ = {isa = PBXFileReference; explicitFileType = wrapper.application; includeInIndex = 0; path = Matchismo.app; sourceTree = BUILT_PRODUCTS_DIR; };
		78745DEF1D2AD4A500B18C97 /* main.m */ = {isa = PBXFileReference; lastKnownFileType = sourcecode.c.objc; path = main.m; sourceTree = "<group>"; };
		78745DF11D2AD4A500B18C97 /* AppDelegate.h */ = {isa = PBXFileReference; lastKnownFileType = sourcecode.c.h; path = AppDelegate.h; sourceTree = "<group>"; };
		78745DF21D2AD4A500B18C97 /* AppDelegate.m */ = {isa = PBXFileReference; lastKnownFileType = sourcecode.c.objc; path = AppDelegate.m; sourceTree = "<group>"; };
		78745DF41D2AD4A500B18C97 /* ViewController.h */ = {isa = PBXFileReference; lastKnownFileType = sourcecode.c.h; path = ViewController.h; sourceTree = "<group>"; };
		78745DF51D2AD4A500B18C97 /* ViewController.m */ = {isa = PBXFileReference; lastKnownFileType = sourcecode.c.objc; path = ViewController.m; sourceTree = "<group>"; };
		78745DF81D2AD4A500B18C97 /* Base */ = {isa = PBXFileReference; lastKnownFileType = file.storyboard; name = Base; path = Base.lproj/Main.storyboard; sourceTree = "<group>"; };
		78745DFA1D2AD4A500B18C97 /* Assets.xcassets */ = {isa = PBXFileReference; lastKnownFileType = folder.assetcatalog; path = Assets.xcassets; sourceTree = "<group>"; };
		78745DFD1D2AD4A500B18C97 /* Base */ = {isa = PBXFileReference; lastKnownFileType = file.storyboard; name = Base; path = Base.lproj/LaunchScreen.storyboard; sourceTree = "<group>"; };
		78745DFF1D2AD4A500B18C97 /* Info.plist */ = {isa = PBXFileReference; lastKnownFileType = text.plist.xml; path = Info.plist; sourceTree = "<group>"; };
		78745E041D2AD4A500B18C97 /* MatchismoTests.xctest */ = {isa = PBXFileReference; explicitFileType = wrapper.cfbundle; includeInIndex = 0; path = MatchismoTests.xctest; sourceTree = BUILT_PRODUCTS_DIR; };
		78745E081D2AD4A500B18C97 /* MatchismoTests.m */ = {isa = PBXFileReference; lastKnownFileType = sourcecode.c.objc; path = MatchismoTests.m; sourceTree = "<group>"; };
		78745E0A1D2AD4A500B18C97 /* Info.plist */ = {isa = PBXFileReference; lastKnownFileType = text.plist.xml; path = Info.plist; sourceTree = "<group>"; };
		78745E0F1D2AD4A500B18C97 /* MatchismoUITests.xctest */ = {isa = PBXFileReference; explicitFileType = wrapper.cfbundle; includeInIndex = 0; path = MatchismoUITests.xctest; sourceTree = BUILT_PRODUCTS_DIR; };
		78745E131D2AD4A500B18C97 /* MatchismoUITests.m */ = {isa = PBXFileReference; lastKnownFileType = sourcecode.c.objc; path = MatchismoUITests.m; sourceTree = "<group>"; };
		78745E151D2AD4A500B18C97 /* Info.plist */ = {isa = PBXFileReference; lastKnownFileType = text.plist.xml; path = Info.plist; sourceTree = "<group>"; };
/* End PBXFileReference section */

/* Begin PBXFrameworksBuildPhase section */
		78745DE81D2AD4A500B18C97 /* Frameworks */ = {
			isa = PBXFrameworksBuildPhase;
			buildActionMask = 2147483647;
			files = (
			);
			runOnlyForDeploymentPostprocessing = 0;
		};
		78745E011D2AD4A500B18C97 /* Frameworks */ = {
			isa = PBXFrameworksBuildPhase;
			buildActionMask = 2147483647;
			files = (
			);
			runOnlyForDeploymentPostprocessing = 0;
		};
		78745E0C1D2AD4A500B18C97 /* Frameworks */ = {
			isa = PBXFrameworksBuildPhase;
			buildActionMask = 2147483647;
			files = (
			);
			runOnlyForDeploymentPostprocessing = 0;
		};
/* End PBXFrameworksBuildPhase section */

/* Begin PBXGroup section */
		78745DE21D2AD4A500B18C97 = {
			isa = PBXGroup;
			children = (
				78745DED1D2AD4A500B18C97 /* Matchismo */,
				78745E071D2AD4A500B18C97 /* MatchismoTests */,
				78745E121D2AD4A500B18C97 /* MatchismoUITests */,
				78745DEC1D2AD4A500B18C97 /* Products */,
			);
			sourceTree = "<group>";
		};
		78745DEC1D2AD4A500B18C97 /* Products */ = {
			isa = PBXGroup;
			children = (
				78745DEB1D2AD4A500B18C97 /* Matchismo.app */,
				78745E041D2AD4A500B18C97 /* MatchismoTests.xctest */,
				78745E0F1D2AD4A500B18C97 /* MatchismoUITests.xctest */,
			);
			name = Products;
			sourceTree = "<group>";
		};
		78745DED1D2AD4A500B18C97 /* Matchismo */ = {
			isa = PBXGroup;
			children = (
				78745DF11D2AD4A500B18C97 /* AppDelegate.h */,
				78745DF21D2AD4A500B18C97 /* AppDelegate.m */,
				78745DF41D2AD4A500B18C97 /* ViewController.h */,
				78745DF51D2AD4A500B18C97 /* ViewController.m */,
				78745DF71D2AD4A500B18C97 /* Main.storyboard */,
				78745DFA1D2AD4A500B18C97 /* Assets.xcassets */,
				78745DFC1D2AD4A500B18C97 /* LaunchScreen.storyboard */,
				78745DFF1D2AD4A500B18C97 /* Info.plist */,
				78745DEE1D2AD4A500B18C97 /* Supporting Files */,
			);
			path = Matchismo;
			sourceTree = "<group>";
		};
		78745DEE1D2AD4A500B18C97 /* Supporting Files */ = {
			isa = PBXGroup;
			children = (
				78745DEF1D2AD4A500B18C97 /* main.m */,
			);
			name = "Supporting Files";
			sourceTree = "<group>";
		};
		78745E071D2AD4A500B18C97 /* MatchismoTests */ = {
			isa = PBXGroup;
			children = (
				78745E081D2AD4A500B18C97 /* MatchismoTests.m */,
				78745E0A1D2AD4A500B18C97 /* Info.plist */,
			);
			path = MatchismoTests;
			sourceTree = "<group>";
		};
		78745E121D2AD4A500B18C97 /* MatchismoUITests */ = {
			isa = PBXGroup;
			children = (
				78745E131D2AD4A500B18C97 /* MatchismoUITests.m */,
				78745E151D2AD4A500B18C97 /* Info.plist */,
			);
			path = MatchismoUITests;
			sourceTree = "<group>";
		};
/* End PBXGroup section */

/* Begin PBXNativeTarget section */
		78745DEA1D2AD4A500B18C97 /* Matchismo */ = {
			isa = PBXNativeTarget;
			buildConfigurationList = 78745E181D2AD4A500B18C97 /* Build configuration list for PBXNativeTarget "Matchismo" */;
			buildPhases = (
				78745DE71D2AD4A500B18C97 /* Sources */,
				78745DE81D2AD4A500B18C97 /* Frameworks */,
				78745DE91D2AD4A500B18C97 /* Resources */,
			);
			buildRules = (
			);
			dependencies = (
			);
			name = Matchismo;
			productName = Matchismo;
			productReference = 78745DEB1D2AD4A500B18C97 /* Matchismo.app */;
			productType = "com.apple.product-type.application";
		};
		78745E031D2AD4A500B18C97 /* MatchismoTests */ = {
			isa = PBXNativeTarget;
			buildConfigurationList = 78745E1B1D2AD4A500B18C97 /* Build configuration list for PBXNativeTarget "MatchismoTests" */;
			buildPhases = (
				78745E001D2AD4A500B18C97 /* Sources */,
				78745E011D2AD4A500B18C97 /* Frameworks */,
				78745E021D2AD4A500B18C97 /* Resources */,
			);
			buildRules = (
			);
			dependencies = (
				78745E061D2AD4A500B18C97 /* PBXTargetDependency */,
			);
			name = MatchismoTests;
			productName = MatchismoTests;
			productReference = 78745E041D2AD4A500B18C97 /* MatchismoTests.xctest */;
			productType = "com.apple.product-type.bundle.unit-test";
		};
		78745E0E1D2AD4A500B18C97 /* MatchismoUITests */ = {
			isa = PBXNativeTarget;
			buildConfigurationList = 78745E1E1D2AD4A500B18C97 /* Build configuration list for PBXNativeTarget "MatchismoUITests" */;
			buildPhases = (
				78745E0B1D2AD4A500B18C97 /* Sources */,
				78745E0C1D2AD4A500B18C97 /* Frameworks */,
				78745E0D1D2AD4A500B18C97 /* Resources */,
			);
			buildRules = (
			);
			dependencies = (
				78745E111D2AD4A500B18C97 /* PBXTargetDependency */,
			);
			name = MatchismoUITests;
			productName = MatchismoUITests;
			productReference = 78745E0F1D2AD4A500B18C97 /* MatchismoUITests.xctest */;
			productType = "com.apple.product-type.bundle.ui-testing";
		};
/* End PBXNativeTarget section */

/* Begin PBXProject section */
		78745DE31D2AD4A500B18C97 /* Project object */ = {
			isa = PBXProject;
			attributes = {
				LastUpgradeCheck = 0730;
				ORGANIZATIONNAME = "Stepan Paholyk";
				TargetAttributes = {
					78745DEA1D2AD4A500B18C97 = {
						CreatedOnToolsVersion = 7.3.1;
					};
					78745E031D2AD4A500B18C97 = {
						CreatedOnToolsVersion = 7.3.1;
						TestTargetID = 78745DEA1D2AD4A500B18C97;
					};
					78745E0E1D2AD4A500B18C97 = {
						CreatedOnToolsVersion = 7.3.1;
						TestTargetID = 78745DEA1D2AD4A500B18C97;
					};
				};
			};
			buildConfigurationList = 78745DE61D2AD4A500B18C97 /* Build configuration list for PBXProject "Matchismo" */;
			compatibilityVersion = "Xcode 3.2";
			developmentRegion = English;
			hasScannedForEncodings = 0;
			knownRegions = (
				en,
				Base,
			);
			mainGroup = 78745DE21D2AD4A500B18C97;
			productRefGroup = 78745DEC1D2AD4A500B18C97 /* Products */;
			projectDirPath = "";
			projectRoot = "";
			targets = (
				78745DEA1D2AD4A500B18C97 /* Matchismo */,
				78745E031D2AD4A500B18C97 /* MatchismoTests */,
				78745E0E1D2AD4A500B18C97 /* MatchismoUITests */,
			);
		};
/* End PBXProject section */

/* Begin PBXResourcesBuildPhase section */
		78745DE91D2AD4A500B18C97 /* Resources */ = {
			isa = PBXResourcesBuildPhase;
			buildActionMask = 2147483647;
			files = (
				78745DFE1D2AD4A500B18C97 /* LaunchScreen.storyboard in Resources */,
				78745DFB1D2AD4A500B18C97 /* Assets.xcassets in Resources */,
				78745DF91D2AD4A500B18C97 /* Main.storyboard in Resources */,
			);
			runOnlyForDeploymentPostprocessing = 0;
		};
		78745E021D2AD4A500B18C97 /* Resources */ = {
			isa = PBXResourcesBuildPhase;
			buildActionMask = 2147483647;
			files = (
			);
			runOnlyForDeploymentPostprocessing = 0;
		};
		78745E0D1D2AD4A500B18C97 /* Resources */ = {
			isa = PBXResourcesBuildPhase;
			buildActionMask = 2147483647;
			files = (
			);
			runOnlyForDeploymentPostprocessing = 0;
		};
/* End PBXResourcesBuildPhase section */

/* Begin PBXSourcesBuildPhase section */
		78745DE71D2AD4A500B18C97 /* Sources */ = {
			isa = PBXSourcesBuildPhase;
			buildActionMask = 2147483647;
			files = (
				78745DF61D2AD4A500B18C97 /* ViewController.m in Sources */,
				78745DF31D2AD4A500B18C97 /* AppDelegate.m in Sources */,
				78745DF01D2AD4A500B18C97 /* main.m in Sources */,
			);
			runOnlyForDeploymentPostprocessing = 0;
		};
		78745E001D2AD4A500B18C97 /* Sources */ = {
			isa = PBXSourcesBuildPhase;
			buildActionMask = 2147483647;
			files = (
				78745E091D2AD4A500B18C97 /* MatchismoTests.m in Sources */,
			);
			runOnlyForDeploymentPostprocessing = 0;
		};
		78745E0B1D2AD4A500B18C97 /* Sources */ = {
			isa = PBXSourcesBuildPhase;
			buildActionMask = 2147483647;
			files = (
				78745E141D2AD4A500B18C97 /* MatchismoUITests.m in Sources */,
			);
			runOnlyForDeploymentPostprocessing = 0;
		};
/* End PBXSourcesBuildPhase section */

/* Begin PBXTargetDependency section */
		78745E061D2AD4A500B18C97 /* PBXTargetDependency */ = {
			isa = PBXTargetDependency;
			target = 78745DEA1D2AD4A500B18C97 /* Matchismo */;
			targetProxy = 78745E051D2AD4A500B18C97 /* PBXContainerItemProxy */;
		};
		78745E111D2AD4A500B18C97 /* PBXTargetDependency */ = {
			isa = PBXTargetDependency;
			target = 78745DEA1D2AD4A500B18C97 /* Matchismo */;
			targetProxy = 78745E101D2AD4A500B18C97 /* PBXContainerItemProxy */;
		};
/* End PBXTargetDependency section */

/* Begin PBXVariantGroup section */
		78745DF71D2AD4A500B18C97 /* Main.storyboard */ = {
			isa = PBXVariantGroup;
			children = (
				78745DF81D2AD4A500B18C97 /* Base */,
			);
			name = Main.storyboard;
			sourceTree = "<group>";
		};
		78745DFC1D2AD4A500B18C97 /* LaunchScreen.storyboard */ = {
			isa = PBXVariantGroup;
			children = (
				78745DFD1D2AD4A500B18C97 /* Base */,
			);
			name = LaunchScreen.storyboard;
			sourceTree = "<group>";
		};
/* End PBXVariantGroup section */

/* Begin XCBuildConfiguration section */
		78745E161D2AD4A500B18C97 /* Debug */ = {
			isa = XCBuildConfiguration;
			buildSettings = {
				ALWAYS_SEARCH_USER_PATHS = NO;
				CLANG_ANALYZER_NONNULL = YES;
				CLANG_CXX_LANGUAGE_STANDARD = "gnu++0x";
				CLANG_CXX_LIBRARY = "libc++";
				CLANG_ENABLE_MODULES = YES;
				CLANG_ENABLE_OBJC_ARC = YES;
				CLANG_WARN_BOOL_CONVERSION = YES;
				CLANG_WARN_CONSTANT_CONVERSION = YES;
				CLANG_WARN_DIRECT_OBJC_ISA_USAGE = YES_ERROR;
				CLANG_WARN_EMPTY_BODY = YES;
				CLANG_WARN_ENUM_CONVERSION = YES;
				CLANG_WARN_INT_CONVERSION = YES;
				CLANG_WARN_OBJC_ROOT_CLASS = YES_ERROR;
				CLANG_WARN_UNREACHABLE_CODE = YES;
				CLANG_WARN__DUPLICATE_METHOD_MATCH = YES;
				"CODE_SIGN_IDENTITY[sdk=iphoneos*]" = "iPhone Developer";
				COPY_PHASE_STRIP = NO;
				DEBUG_INFORMATION_FORMAT = dwarf;
				ENABLE_STRICT_OBJC_MSGSEND = YES;
				ENABLE_TESTABILITY = YES;
				GCC_C_LANGUAGE_STANDARD = gnu99;
				GCC_DYNAMIC_NO_PIC = NO;
				GCC_NO_COMMON_BLOCKS = YES;
				GCC_OPTIMIZATION_LEVEL = 0;
				GCC_PREPROCESSOR_DEFINITIONS = (
					"DEBUG=1",
					"$(inherited)",
				);
				GCC_WARN_64_TO_32_BIT_CONVERSION = YES;
				GCC_WARN_ABOUT_RETURN_TYPE = YES_ERROR;
				GCC_WARN_UNDECLARED_SELECTOR = YES;
				GCC_WARN_UNINITIALIZED_AUTOS = YES_AGGRESSIVE;
				GCC_WARN_UNUSED_FUNCTION = YES;
				GCC_WARN_UNUSED_VARIABLE = YES;
				IPHONEOS_DEPLOYMENT_TARGET = 9.3;
				MTL_ENABLE_DEBUG_INFO = YES;
				ONLY_ACTIVE_ARCH = YES;
				SDKROOT = iphoneos;
			};
			name = Debug;
		};
		78745E171D2AD4A500B18C97 /* Release */ = {
			isa = XCBuildConfiguration;
			buildSettings = {
				ALWAYS_SEARCH_USER_PATHS = NO;
				CLANG_ANALYZER_NONNULL = YES;
				CLANG_CXX_LANGUAGE_STANDARD = "gnu++0x";
				CLANG_CXX_LIBRARY = "libc++";
				CLANG_ENABLE_MODULES = YES;
				CLANG_ENABLE_OBJC_ARC = YES;
				CLANG_WARN_BOOL_CONVERSION = YES;
				CLANG_WARN_CONSTANT_CONVERSION = YES;
				CLANG_WARN_DIRECT_OBJC_ISA_USAGE = YES_ERROR;
				CLANG_WARN_EMPTY_BODY = YES;
				CLANG_WARN_ENUM_CONVERSION = YES;
				CLANG_WARN_INT_CONVERSION = YES;
				CLANG_WARN_OBJC_ROOT_CLASS = YES_ERROR;
				CLANG_WARN_UNREACHABLE_CODE = YES;
				CLANG_WARN__DUPLICATE_METHOD_MATCH = YES;
				"CODE_SIGN_IDENTITY[sdk=iphoneos*]" = "iPhone Developer";
				COPY_PHASE_STRIP = NO;
				DEBUG_INFORMATION_FORMAT = "dwarf-with-dsym";
				ENABLE_NS_ASSERTIONS = NO;
				ENABLE_STRICT_OBJC_MSGSEND = YES;
				GCC_C_LANGUAGE_STANDARD = gnu99;
				GCC_NO_COMMON_BLOCKS = YES;
				GCC_WARN_64_TO_32_BIT_CONVERSION = YES;
				GCC_WARN_ABOUT_RETURN_TYPE = YES_ERROR;
				GCC_WARN_UNDECLARED_SELECTOR = YES;
				GCC_WARN_UNINITIALIZED_AUTOS = YES_AGGRESSIVE;
				GCC_WARN_UNUSED_FUNCTION = YES;
				GCC_WARN_UNUSED_VARIABLE = YES;
				IPHONEOS_DEPLOYMENT_TARGET = 9.3;
				MTL_ENABLE_DEBUG_INFO = NO;
				SDKROOT = iphoneos;
				VALIDATE_PRODUCT = YES;
			};
			name = Release;
		};
		78745E191D2AD4A500B18C97 /* Debug */ = {
			isa = XCBuildConfiguration;
			buildSettings = {
				ASSETCATALOG_COMPILER_APPICON_NAME = AppIcon;
				INFOPLIST_FILE = Matchismo/Info.plist;
				LD_RUNPATH_SEARCH_PATHS = "$(inherited) @executable_path/Frameworks";
				PRODUCT_BUNDLE_IDENTIFIER = SP.Matchismo;
				PRODUCT_NAME = "$(TARGET_NAME)";
			};
			name = Debug;
		};
		78745E1A1D2AD4A500B18C97 /* Release */ = {
			isa = XCBuildConfiguration;
			buildSettings = {
				ASSETCATALOG_COMPILER_APPICON_NAME = AppIcon;
				INFOPLIST_FILE = Matchismo/Info.plist;
				LD_RUNPATH_SEARCH_PATHS = "$(inherited) @executable_path/Frameworks";
				PRODUCT_BUNDLE_IDENTIFIER = SP.Matchismo;
				PRODUCT_NAME = "$(TARGET_NAME)";
			};
			name = Release;
		};
		78745E1C1D2AD4A500B18C97 /* Debug */ = {
			isa = XCBuildConfiguration;
			buildSettings = {
				BUNDLE_LOADER = "$(TEST_HOST)";
				INFOPLIST_FILE = MatchismoTests/Info.plist;
				LD_RUNPATH_SEARCH_PATHS = "$(inherited) @executable_path/Frameworks @loader_path/Frameworks";
				PRODUCT_BUNDLE_IDENTIFIER = SP.MatchismoTests;
				PRODUCT_NAME = "$(TARGET_NAME)";
				TEST_HOST = "$(BUILT_PRODUCTS_DIR)/Matchismo.app/Matchismo";
			};
			name = Debug;
		};
		78745E1D1D2AD4A500B18C97 /* Release */ = {
			isa = XCBuildConfiguration;
			buildSettings = {
				BUNDLE_LOADER = "$(TEST_HOST)";
				INFOPLIST_FILE = MatchismoTests/Info.plist;
				LD_RUNPATH_SEARCH_PATHS = "$(inherited) @executable_path/Frameworks @loader_path/Frameworks";
				PRODUCT_BUNDLE_IDENTIFIER = SP.MatchismoTests;
				PRODUCT_NAME = "$(TARGET_NAME)";
				TEST_HOST = "$(BUILT_PRODUCTS_DIR)/Matchismo.app/Matchismo";
			};
			name = Release;
		};
		78745E1F1D2AD4A500B18C97 /* Debug */ = {
			isa = XCBuildConfiguration;
			buildSettings = {
				INFOPLIST_FILE = MatchismoUITests/Info.plist;
				LD_RUNPATH_SEARCH_PATHS = "$(inherited) @executable_path/Frameworks @loader_path/Frameworks";
				PRODUCT_BUNDLE_IDENTIFIER = SP.MatchismoUITests;
				PRODUCT_NAME = "$(TARGET_NAME)";
				TEST_TARGET_NAME = Matchismo;
			};
			name = Debug;
		};
		78745E201D2AD4A500B18C97 /* Release */ = {
			isa = XCBuildConfiguration;
			buildSettings = {
				INFOPLIST_FILE = MatchismoUITests/Info.plist;
				LD_RUNPATH_SEARCH_PATHS = "$(inherited) @executable_path/Frameworks @loader_path/Frameworks";
				PRODUCT_BUNDLE_IDENTIFIER = SP.MatchismoUITests;
				PRODUCT_NAME = "$(TARGET_NAME)";
				TEST_TARGET_NAME = Matchismo;
			};
			name = Release;
		};
/* End XCBuildConfiguration section */

/* Begin XCConfigurationList section */
		78745DE61D2AD4A500B18C97 /* Build configuration list for PBXProject "Matchismo" */ = {
			isa = XCConfigurationList;
			buildConfigurations = (
				78745E161D2AD4A500B18C97 /* Debug */,
				78745E171D2AD4A500B18C97 /* Release */,
			);
			defaultConfigurationIsVisible = 0;
			defaultConfigurationName = Release;
		};
		78745E181D2AD4A500B18C97 /* Build configuration list for PBXNativeTarget "Matchismo" */ = {
			isa = XCConfigurationList;
			buildConfigurations = (
				78745E191D2AD4A500B18C97 /* Debug */,
				78745E1A1D2AD4A500B18C97 /* Release */,
			);
			defaultConfigurationIsVisible = 0;
		};
		78745E1B1D2AD4A500B18C97 /* Build configuration list for PBXNativeTarget "MatchismoTests" */ = {
			isa = XCConfigurationList;
			buildConfigurations = (
				78745E1C1D2AD4A500B18C97 /* Debug */,
				78745E1D1D2AD4A500B18C97 /* Release */,
			);
			defaultConfigurationIsVisible = 0;
		};
		78745E1E1D2AD4A500B18C97 /* Build configuration list for PBXNativeTarget "MatchismoUITests" */ = {
			isa = XCConfigurationList;
			buildConfigurations = (
				78745E1F1D2AD4A500B18C97 /* Debug */,
				78745E201D2AD4A500B18C97 /* Release */,
			);
			defaultConfigurationIsVisible = 0;
		};
/* End XCConfigurationList section */
	};
	rootObject = 78745DE31D2AD4A500B18C97 /* Project object */;
}
